<?xml version="1.0" encoding="utf-8"?>
<Project ToolsVersion="4.0" xmlns="http://schemas.microsoft.com/developer/msbuild/2003">
  <ItemGroup>
    <Filter Include="Source Files">
      <UniqueIdentifier>{4FC737F1-C7A5-4376-A066-2A32D752A2FF}</UniqueIdentifier>
      <Extensions>cpp;c;cc;cxx;c++;cppm;ixx;def;odl;idl;hpj;bat;asm;asmx</Extensions>
    </Filter>
    <Filter Include="Header Files">
      <UniqueIdentifier>{93995380-89BD-4b04-88EB-625FBE52EBFB}</UniqueIdentifier>
      <Extensions>h;hh;hpp;hxx;h++;hm;inl;inc;ipp;xsd</Extensions>
    </Filter>
    <Filter Include="Source Files\Vendor">
      <UniqueIdentifier>{d2fc3d2e-043d-436f-8f37-1750a9b0f96b}</UniqueIdentifier>
    </Filter>
    <Filter Include="Header Files\Vendor">
      <UniqueIdentifier>{c907f8df-43d1-4a7b-93c6-69a02fe26c15}</UniqueIdentifier>
    </Filter>
    <Filter Include="Resource Files">
      <UniqueIdentifier>{67DA6AB6-F800-4c08-8B7A-83BB121AAD01}</UniqueIdentifier>
      <Extensions>rc;ico;cur;bmp;dlg;rc2;rct;bin;rgs;gif;jpg;jpeg;jpe;resx;tiff;tif;png;wav;mfcribbon-ms</Extensions>
    </Filter>
    <Filter Include="Header Files\Embed">
      <UniqueIdentifier>{17e8f14a-0578-44a8-b608-836045cfa3f0}</UniqueIdentifier>
    </Filter>
  </ItemGroup>
  <ItemGroup>
    <ClCompile Include="main.cpp">
      <Filter>Source Files</Filter>
    </ClCompile>
    <ClCompile Include="asm.cpp">
      <Filter>Source Files</Filter>
    </ClCompile>
    <ClCompile Include="pe.cpp">
      <Filter>Source Files</Filter>
    </ClCompile>
    <ClCompile Include="asmjit\src\asmjit\core\archtraits.cpp">
      <Filter>Source Files\Vendor</Filter>
    </ClCompile>
    <ClCompile Include="asmjit\src\asmjit\core\assembler.cpp">
      <Filter>Source Files\Vendor</Filter>
    </ClCompile>
    <ClCompile Include="asmjit\src\asmjit\core\builder.cpp">
      <Filter>Source Files\Vendor</Filter>
    </ClCompile>
    <ClCompile Include="asmjit\src\asmjit\core\codeholder.cpp">
      <Filter>Source Files\Vendor</Filter>
    </ClCompile>
    <ClCompile Include="asmjit\src\asmjit\core\codewriter.cpp">
      <Filter>Source Files\Vendor</Filter>
    </ClCompile>
    <ClCompile Include="asmjit\src\asmjit\core\compiler.cpp">
      <Filter>Source Files\Vendor</Filter>
    </ClCompile>
    <ClCompile Include="asmjit\src\asmjit\core\constpool.cpp">
      <Filter>Source Files\Vendor</Filter>
    </ClCompile>
    <ClCompile Include="asmjit\src\asmjit\core\cpuinfo.cpp">
      <Filter>Source Files\Vendor</Filter>
    </ClCompile>
    <ClCompile Include="asmjit\src\asmjit\core\emithelper.cpp">
      <Filter>Source Files\Vendor</Filter>
    </ClCompile>
    <ClCompile Include="asmjit\src\asmjit\core\emitter.cpp">
      <Filter>Source Files\Vendor</Filter>
    </ClCompile>
    <ClCompile Include="asmjit\src\asmjit\core\emitterutils.cpp">
      <Filter>Source Files\Vendor</Filter>
    </ClCompile>
    <ClCompile Include="asmjit\src\asmjit\core\environment.cpp">
      <Filter>Source Files\Vendor</Filter>
    </ClCompile>
    <ClCompile Include="asmjit\src\asmjit\core\errorhandler.cpp">
      <Filter>Source Files\Vendor</Filter>
    </ClCompile>
    <ClCompile Include="asmjit\src\asmjit\core\formatter.cpp">
      <Filter>Source Files\Vendor</Filter>
    </ClCompile>
    <ClCompile Include="asmjit\src\asmjit\core\func.cpp">
      <Filter>Source Files\Vendor</Filter>
    </ClCompile>
    <ClCompile Include="asmjit\src\asmjit\core\funcargscontext.cpp">
      <Filter>Source Files\Vendor</Filter>
    </ClCompile>
    <ClCompile Include="asmjit\src\asmjit\core\globals.cpp">
      <Filter>Source Files\Vendor</Filter>
    </ClCompile>
    <ClCompile Include="asmjit\src\asmjit\core\inst.cpp">
      <Filter>Source Files\Vendor</Filter>
    </ClCompile>
    <ClCompile Include="asmjit\src\asmjit\core\instdb.cpp">
      <Filter>Source Files\Vendor</Filter>
    </ClCompile>
    <ClCompile Include="asmjit\src\asmjit\core\jitallocator.cpp">
      <Filter>Source Files\Vendor</Filter>
    </ClCompile>
    <ClCompile Include="asmjit\src\asmjit\core\jitruntime.cpp">
      <Filter>Source Files\Vendor</Filter>
    </ClCompile>
    <ClCompile Include="asmjit\src\asmjit\core\logger.cpp">
      <Filter>Source Files\Vendor</Filter>
    </ClCompile>
    <ClCompile Include="asmjit\src\asmjit\core\operand.cpp">
      <Filter>Source Files\Vendor</Filter>
    </ClCompile>
    <ClCompile Include="asmjit\src\asmjit\core\osutils.cpp">
      <Filter>Source Files\Vendor</Filter>
    </ClCompile>
    <ClCompile Include="asmjit\src\asmjit\core\ralocal.cpp">
      <Filter>Source Files\Vendor</Filter>
    </ClCompile>
    <ClCompile Include="asmjit\src\asmjit\core\rapass.cpp">
      <Filter>Source Files\Vendor</Filter>
    </ClCompile>
    <ClCompile Include="asmjit\src\asmjit\core\rastack.cpp">
      <Filter>Source Files\Vendor</Filter>
    </ClCompile>
    <ClCompile Include="asmjit\src\asmjit\core\string.cpp">
      <Filter>Source Files\Vendor</Filter>
    </ClCompile>
    <ClCompile Include="asmjit\src\asmjit\core\support.cpp">
      <Filter>Source Files\Vendor</Filter>
    </ClCompile>
    <ClCompile Include="asmjit\src\asmjit\core\target.cpp">
      <Filter>Source Files\Vendor</Filter>
    </ClCompile>
    <ClCompile Include="asmjit\src\asmjit\core\type.cpp">
      <Filter>Source Files\Vendor</Filter>
    </ClCompile>
    <ClCompile Include="asmjit\src\asmjit\core\virtmem.cpp">
      <Filter>Source Files\Vendor</Filter>
    </ClCompile>
    <ClCompile Include="asmjit\src\asmjit\x86\x86assembler.cpp">
      <Filter>Source Files\Vendor</Filter>
    </ClCompile>
    <ClCompile Include="asmjit\src\asmjit\x86\x86builder.cpp">
      <Filter>Source Files\Vendor</Filter>
    </ClCompile>
    <ClCompile Include="asmjit\src\asmjit\x86\x86compiler.cpp">
      <Filter>Source Files\Vendor</Filter>
    </ClCompile>
    <ClCompile Include="asmjit\src\asmjit\x86\x86emithelper.cpp">
      <Filter>Source Files\Vendor</Filter>
    </ClCompile>
    <ClCompile Include="asmjit\src\asmjit\x86\x86formatter.cpp">
      <Filter>Source Files\Vendor</Filter>
    </ClCompile>
    <ClCompile Include="asmjit\src\asmjit\x86\x86func.cpp">
      <Filter>Source Files\Vendor</Filter>
    </ClCompile>
    <ClCompile Include="asmjit\src\asmjit\x86\x86instapi.cpp">
      <Filter>Source Files\Vendor</Filter>
    </ClCompile>
    <ClCompile Include="asmjit\src\asmjit\x86\x86instdb.cpp">
      <Filter>Source Files\Vendor</Filter>
    </ClCompile>
    <ClCompile Include="asmjit\src\asmjit\x86\x86operand.cpp">
      <Filter>Source Files\Vendor</Filter>
    </ClCompile>
    <ClCompile Include="asmjit\src\asmjit\x86\x86rapass.cpp">
      <Filter>Source Files\Vendor</Filter>
    </ClCompile>
    <ClCompile Include="asmjit\src\asmjit\core\zone.cpp">
      <Filter>Source Files\Vendor</Filter>
    </ClCompile>
    <ClCompile Include="asmjit\src\asmjit\core\zonehash.cpp">
      <Filter>Source Files\Vendor</Filter>
    </ClCompile>
    <ClCompile Include="asmjit\src\asmjit\core\zonelist.cpp">
      <Filter>Source Files\Vendor</Filter>
    </ClCompile>
    <ClCompile Include="asmjit\src\asmjit\core\zonestack.cpp">
      <Filter>Source Files\Vendor</Filter>
    </ClCompile>
    <ClCompile Include="asmjit\src\asmjit\core\zonetree.cpp">
      <Filter>Source Files\Vendor</Filter>
    </ClCompile>
    <ClCompile Include="asmjit\src\asmjit\core\zonevector.cpp">
      <Filter>Source Files\Vendor</Filter>
    </ClCompile>
    <ClCompile Include="packer.cpp">
      <Filter>Source Files</Filter>
    </ClCompile>
    <ClCompile Include="zydis\src\Zydis.c">
      <Filter>Source Files\Vendor</Filter>
    </ClCompile>
    <ClCompile Include="zydis\src\Register.c">
      <Filter>Source Files\Vendor</Filter>
    </ClCompile>
    <ClCompile Include="zydis\src\Segment.c">
      <Filter>Source Files\Vendor</Filter>
    </ClCompile>
    <ClCompile Include="zydis\src\SharedData.c">
      <Filter>Source Files\Vendor</Filter>
    </ClCompile>
    <ClCompile Include="zydis\src\String.c">
      <Filter>Source Files\Vendor</Filter>
    </ClCompile>
    <ClCompile Include="zydis\src\Utils.c">
      <Filter>Source Files\Vendor</Filter>
    </ClCompile>
    <ClCompile Include="zydis\src\Mnemonic.c">
      <Filter>Source Files\Vendor</Filter>
    </ClCompile>
    <ClCompile Include="zydis\src\MetaInfo.c">
      <Filter>Source Files\Vendor</Filter>
    </ClCompile>
    <ClCompile Include="zydis\src\FormatterIntel.c">
      <Filter>Source Files\Vendor</Filter>
    </ClCompile>
    <ClCompile Include="zydis\src\Decoder.c">
      <Filter>Source Files\Vendor</Filter>
    </ClCompile>
    <ClCompile Include="zydis\src\DecoderData.c">
      <Filter>Source Files\Vendor</Filter>
    </ClCompile>
    <ClCompile Include="zydis\src\Disassembler.c">
      <Filter>Source Files\Vendor</Filter>
    </ClCompile>
    <ClCompile Include="zydis\src\Encoder.c">
      <Filter>Source Files\Vendor</Filter>
    </ClCompile>
    <ClCompile Include="zydis\src\EncoderData.c">
      <Filter>Source Files\Vendor</Filter>
    </ClCompile>
    <ClCompile Include="zydis\src\Formatter.c">
      <Filter>Source Files\Vendor</Filter>
    </ClCompile>
    <ClCompile Include="zydis\src\FormatterATT.c">
      <Filter>Source Files\Vendor</Filter>
    </ClCompile>
    <ClCompile Include="zydis\src\FormatterBase.c">
      <Filter>Source Files\Vendor</Filter>
    </ClCompile>
    <ClCompile Include="zydis\src\FormatterBuffer.c">
      <Filter>Source Files\Vendor</Filter>
    </ClCompile>
    <ClCompile Include="zydis\dependencies\zycore\src\Zycore.c">
      <Filter>Source Files\Vendor</Filter>
    </ClCompile>
    <ClCompile Include="zydis\dependencies\zycore\src\API\Process.c">
      <Filter>Source Files\Vendor</Filter>
    </ClCompile>
    <ClCompile Include="zydis\dependencies\zycore\src\String.c">
      <Filter>Source Files\Vendor</Filter>
    </ClCompile>
    <ClCompile Include="zydis\dependencies\zycore\src\API\Synchronization.c">
      <Filter>Source Files\Vendor</Filter>
    </ClCompile>
    <ClCompile Include="zydis\dependencies\zycore\src\API\Terminal.c">
      <Filter>Source Files\Vendor</Filter>
    </ClCompile>
    <ClCompile Include="zydis\dependencies\zycore\src\API\Thread.c">
      <Filter>Source Files\Vendor</Filter>
    </ClCompile>
    <ClCompile Include="zydis\dependencies\zycore\src\Vector.c">
      <Filter>Source Files\Vendor</Filter>
    </ClCompile>
    <ClCompile Include="zydis\dependencies\zycore\src\API\Memory.c">
      <Filter>Source Files\Vendor</Filter>
    </ClCompile>
    <ClCompile Include="zydis\dependencies\zycore\src\Allocator.c">
      <Filter>Source Files\Vendor</Filter>
    </ClCompile>
    <ClCompile Include="zydis\dependencies\zycore\src\ArgParse.c">
      <Filter>Source Files\Vendor</Filter>
    </ClCompile>
    <ClCompile Include="zydis\dependencies\zycore\src\Bitset.c">
      <Filter>Source Files\Vendor</Filter>
    </ClCompile>
    <ClCompile Include="zydis\dependencies\zycore\src\Format.c">
      <Filter>Source Files\Vendor</Filter>
    </ClCompile>
    <ClCompile Include="zydis\dependencies\zycore\src\List.c">
      <Filter>Source Files\Vendor</Filter>
    </ClCompile>
    <ClCompile Include="lzma\LzFind.c">
      <Filter>Source Files\Vendor</Filter>
    </ClCompile>
    <ClCompile Include="lzma\LzFindMt.c">
      <Filter>Source Files\Vendor</Filter>
    </ClCompile>
    <ClCompile Include="lzma\LzmaEnc.c">
      <Filter>Source Files\Vendor</Filter>
    </ClCompile>
    <ClCompile Include="lzma\Threads.c">
      <Filter>Source Files\Vendor</Filter>
    </ClCompile>
    <ClCompile Include="lzma\Aes.c">
      <Filter>Source Files\Vendor</Filter>
    </ClCompile>
    <ClCompile Include="lzma\AesOpt.c">
      <Filter>Source Files\Vendor</Filter>
    </ClCompile>
    <ClCompile Include="lzma\Alloc.c">
      <Filter>Source Files\Vendor</Filter>
    </ClCompile>
    <ClCompile Include="lzma\LzFindOpt.c">
      <Filter>Source Files\Vendor</Filter>
    </ClCompile>
    <ClCompile Include="vm.cpp">
      <Filter>Source Files</Filter>
    </ClCompile>
    <ClCompile Include="lzma\CpuArch.c">
      <Filter>Source Files\Vendor</Filter>
    </ClCompile>
    <ClCompile Include="lzma\Sha256.c">
      <Filter>Source Files\Vendor</Filter>
    </ClCompile>
    <ClCompile Include="lzma\Sha256Opt.c">
      <Filter>Source Files\Vendor</Filter>
    </ClCompile>
    <ClCompile Include="gui.cpp">
      <Filter>Source Files</Filter>
    </ClCompile>
    <ClCompile Include="imgui\imgui_widgets.cpp">
      <Filter>Source Files\Vendor</Filter>
    </ClCompile>
    <ClCompile Include="imgui\imgui.cpp">
      <Filter>Source Files\Vendor</Filter>
    </ClCompile>
    <ClCompile Include="imgui\imgui_demo.cpp">
      <Filter>Source Files\Vendor</Filter>
    </ClCompile>
    <ClCompile Include="imgui\imgui_draw.cpp">
      <Filter>Source Files\Vendor</Filter>
    </ClCompile>
    <ClCompile Include="imgui\imgui_tables.cpp">
      <Filter>Source Files\Vendor</Filter>
    </ClCompile>
    <ClCompile Include="imgui\backends\imgui_impl_win32.cpp">
      <Filter>Source Files\Vendor</Filter>
    </ClCompile>
    <ClCompile Include="imgui\backends\imgui_impl_dx11.cpp">
      <Filter>Source Files\Vendor</Filter>
    </ClCompile>
    <ClCompile Include="zyasm.cpp">
      <Filter>Source Files</Filter>
    </ClCompile>
    <ClCompile Include="assembler.cpp">
      <Filter>Source Files</Filter>
    </ClCompile>
  </ItemGroup>
  <ItemGroup>
    <ClInclude Include="asm.hpp">
      <Filter>Header Files</Filter>
    </ClInclude>
    <ClInclude Include="pe.hpp">
      <Filter>Header Files</Filter>
    </ClInclude>
    <ClInclude Include="asmjit\src\asmjit\core\zonevector.h">
      <Filter>Header Files\Vendor</Filter>
    </ClInclude>
    <ClInclude Include="asmjit\src\asmjit\core\virtmem.h">
      <Filter>Header Files\Vendor</Filter>
    </ClInclude>
    <ClInclude Include="asmjit\src\asmjit\x86.h">
      <Filter>Header Files\Vendor</Filter>
    </ClInclude>
    <ClInclude Include="asmjit\src\asmjit\x86\x86archtraits_p.h">
      <Filter>Header Files\Vendor</Filter>
    </ClInclude>
    <ClInclude Include="asmjit\src\asmjit\x86\x86assembler.h">
      <Filter>Header Files\Vendor</Filter>
    </ClInclude>
    <ClInclude Include="asmjit\src\asmjit\x86\x86builder.h">
      <Filter>Header Files\Vendor</Filter>
    </ClInclude>
    <ClInclude Include="asmjit\src\asmjit\x86\x86compiler.h">
      <Filter>Header Files\Vendor</Filter>
    </ClInclude>
    <ClInclude Include="asmjit\src\asmjit\x86\x86emithelper_p.h">
      <Filter>Header Files\Vendor</Filter>
    </ClInclude>
    <ClInclude Include="asmjit\src\asmjit\x86\x86emitter.h">
      <Filter>Header Files\Vendor</Filter>
    </ClInclude>
    <ClInclude Include="asmjit\src\asmjit\x86\x86formatter_p.h">
      <Filter>Header Files\Vendor</Filter>
    </ClInclude>
    <ClInclude Include="asmjit\src\asmjit\x86\x86func_p.h">
      <Filter>Header Files\Vendor</Filter>
    </ClInclude>
    <ClInclude Include="asmjit\src\asmjit\x86\x86globals.h">
      <Filter>Header Files\Vendor</Filter>
    </ClInclude>
    <ClInclude Include="asmjit\src\asmjit\x86\x86instapi_p.h">
      <Filter>Header Files\Vendor</Filter>
    </ClInclude>
    <ClInclude Include="asmjit\src\asmjit\x86\x86instdb.h">
      <Filter>Header Files\Vendor</Filter>
    </ClInclude>
    <ClInclude Include="asmjit\src\asmjit\x86\x86instdb_p.h">
      <Filter>Header Files\Vendor</Filter>
    </ClInclude>
    <ClInclude Include="asmjit\src\asmjit\x86\x86opcode_p.h">
      <Filter>Header Files\Vendor</Filter>
    </ClInclude>
    <ClInclude Include="asmjit\src\asmjit\x86\x86operand.h">
      <Filter>Header Files\Vendor</Filter>
    </ClInclude>
    <ClInclude Include="asmjit\src\asmjit\x86\x86rapass_p.h">
      <Filter>Header Files\Vendor</Filter>
    </ClInclude>
    <ClInclude Include="asmjit\src\asmjit\core\zone.h">
      <Filter>Header Files\Vendor</Filter>
    </ClInclude>
    <ClInclude Include="asmjit\src\asmjit\core\zonehash.h">
      <Filter>Header Files\Vendor</Filter>
    </ClInclude>
    <ClInclude Include="asmjit\src\asmjit\core\zonelist.h">
      <Filter>Header Files\Vendor</Filter>
    </ClInclude>
    <ClInclude Include="asmjit\src\asmjit\core\zonestack.h">
      <Filter>Header Files\Vendor</Filter>
    </ClInclude>
    <ClInclude Include="asmjit\src\asmjit\core\zonestring.h">
      <Filter>Header Files\Vendor</Filter>
    </ClInclude>
    <ClInclude Include="asmjit\src\asmjit\core\zonetree.h">
      <Filter>Header Files\Vendor</Filter>
    </ClInclude>
    <ClInclude Include="asmjit\src\asmjit\arm.h">
      <Filter>Header Files\Vendor</Filter>
    </ClInclude>
    <ClInclude Include="asmjit\src\asmjit\a64.h">
      <Filter>Header Files\Vendor</Filter>
    </ClInclude>
    <ClInclude Include="asmjit\src\asmjit\core\api-build_p.h">
      <Filter>Header Files\Vendor</Filter>
    </ClInclude>
    <ClInclude Include="asmjit\src\asmjit\core\api-config.h">
      <Filter>Header Files\Vendor</Filter>
    </ClInclude>
    <ClInclude Include="asmjit\src\asmjit\core\archcommons.h">
      <Filter>Header Files\Vendor</Filter>
    </ClInclude>
    <ClInclude Include="asmjit\src\asmjit\core\archtraits.h">
      <Filter>Header Files\Vendor</Filter>
    </ClInclude>
    <ClInclude Include="asmjit\src\asmjit\asmjit.h">
      <Filter>Header Files\Vendor</Filter>
    </ClInclude>
    <ClInclude Include="asmjit\src\asmjit\asmjit-scope-begin.h">
      <Filter>Header Files\Vendor</Filter>
    </ClInclude>
    <ClInclude Include="asmjit\src\asmjit\asmjit-scope-end.h">
      <Filter>Header Files\Vendor</Filter>
    </ClInclude>
    <ClInclude Include="asmjit\src\asmjit\core\assembler.h">
      <Filter>Header Files\Vendor</Filter>
    </ClInclude>
    <ClInclude Include="asmjit\src\asmjit\core\builder.h">
      <Filter>Header Files\Vendor</Filter>
    </ClInclude>
    <ClInclude Include="asmjit\src\asmjit\core\builder_p.h">
      <Filter>Header Files\Vendor</Filter>
    </ClInclude>
    <ClInclude Include="asmjit\src\asmjit\core\codebuffer.h">
      <Filter>Header Files\Vendor</Filter>
    </ClInclude>
    <ClInclude Include="asmjit\src\asmjit\core\codeholder.h">
      <Filter>Header Files\Vendor</Filter>
    </ClInclude>
    <ClInclude Include="asmjit\src\asmjit\core\codewriter_p.h">
      <Filter>Header Files\Vendor</Filter>
    </ClInclude>
    <ClInclude Include="asmjit\src\asmjit\core\compiler.h">
      <Filter>Header Files\Vendor</Filter>
    </ClInclude>
    <ClInclude Include="asmjit\src\asmjit\core\compilerdefs.h">
      <Filter>Header Files\Vendor</Filter>
    </ClInclude>
    <ClInclude Include="asmjit\src\asmjit\core\constpool.h">
      <Filter>Header Files\Vendor</Filter>
    </ClInclude>
    <ClInclude Include="asmjit\src\asmjit\core.h">
      <Filter>Header Files\Vendor</Filter>
    </ClInclude>
    <ClInclude Include="asmjit\src\asmjit\core\cpuinfo.h">
      <Filter>Header Files\Vendor</Filter>
    </ClInclude>
    <ClInclude Include="asmjit\src\asmjit\core\emithelper_p.h">
      <Filter>Header Files\Vendor</Filter>
    </ClInclude>
    <ClInclude Include="asmjit\src\asmjit\core\emitter.h">
      <Filter>Header Files\Vendor</Filter>
    </ClInclude>
    <ClInclude Include="asmjit\src\asmjit\core\emitterutils_p.h">
      <Filter>Header Files\Vendor</Filter>
    </ClInclude>
    <ClInclude Include="asmjit\src\asmjit\core\environment.h">
      <Filter>Header Files\Vendor</Filter>
    </ClInclude>
    <ClInclude Include="asmjit\src\asmjit\core\errorhandler.h">
      <Filter>Header Files\Vendor</Filter>
    </ClInclude>
    <ClInclude Include="asmjit\src\asmjit\core\formatter.h">
      <Filter>Header Files\Vendor</Filter>
    </ClInclude>
    <ClInclude Include="asmjit\src\asmjit\core\formatter_p.h">
      <Filter>Header Files\Vendor</Filter>
    </ClInclude>
    <ClInclude Include="asmjit\src\asmjit\core\func.h">
      <Filter>Header Files\Vendor</Filter>
    </ClInclude>
    <ClInclude Include="asmjit\src\asmjit\core\funcargscontext_p.h">
      <Filter>Header Files\Vendor</Filter>
    </ClInclude>
    <ClInclude Include="asmjit\src\asmjit\core\globals.h">
      <Filter>Header Files\Vendor</Filter>
    </ClInclude>
    <ClInclude Include="asmjit\src\asmjit\core\inst.h">
      <Filter>Header Files\Vendor</Filter>
    </ClInclude>
    <ClInclude Include="asmjit\src\asmjit\core\instdb_p.h">
      <Filter>Header Files\Vendor</Filter>
    </ClInclude>
    <ClInclude Include="asmjit\src\asmjit\core\jitallocator.h">
      <Filter>Header Files\Vendor</Filter>
    </ClInclude>
    <ClInclude Include="asmjit\src\asmjit\core\jitruntime.h">
      <Filter>Header Files\Vendor</Filter>
    </ClInclude>
    <ClInclude Include="asmjit\src\asmjit\core\logger.h">
      <Filter>Header Files\Vendor</Filter>
    </ClInclude>
    <ClInclude Include="asmjit\src\asmjit\core\misc_p.h">
      <Filter>Header Files\Vendor</Filter>
    </ClInclude>
    <ClInclude Include="asmjit\src\asmjit\core\operand.h">
      <Filter>Header Files\Vendor</Filter>
    </ClInclude>
    <ClInclude Include="asmjit\src\asmjit\core\osutils.h">
      <Filter>Header Files\Vendor</Filter>
    </ClInclude>
    <ClInclude Include="asmjit\src\asmjit\core\osutils_p.h">
      <Filter>Header Files\Vendor</Filter>
    </ClInclude>
    <ClInclude Include="asmjit\src\asmjit\core\raassignment_p.h">
      <Filter>Header Files\Vendor</Filter>
    </ClInclude>
    <ClInclude Include="asmjit\src\asmjit\core\rabuilders_p.h">
      <Filter>Header Files\Vendor</Filter>
    </ClInclude>
    <ClInclude Include="asmjit\src\asmjit\core\radefs_p.h">
      <Filter>Header Files\Vendor</Filter>
    </ClInclude>
    <ClInclude Include="asmjit\src\asmjit\core\ralocal_p.h">
      <Filter>Header Files\Vendor</Filter>
    </ClInclude>
    <ClInclude Include="asmjit\src\asmjit\core\rapass_p.h">
      <Filter>Header Files\Vendor</Filter>
    </ClInclude>
    <ClInclude Include="asmjit\src\asmjit\core\rastack_p.h">
      <Filter>Header Files\Vendor</Filter>
    </ClInclude>
    <ClInclude Include="asmjit\src\asmjit\core\string.h">
      <Filter>Header Files\Vendor</Filter>
    </ClInclude>
    <ClInclude Include="asmjit\src\asmjit\core\support.h">
      <Filter>Header Files\Vendor</Filter>
    </ClInclude>
    <ClInclude Include="asmjit\src\asmjit\core\support_p.h">
      <Filter>Header Files\Vendor</Filter>
    </ClInclude>
    <ClInclude Include="asmjit\src\asmjit\core\target.h">
      <Filter>Header Files\Vendor</Filter>
    </ClInclude>
    <ClInclude Include="asmjit\src\asmjit\core\type.h">
      <Filter>Header Files\Vendor</Filter>
    </ClInclude>
    <ClInclude Include="packer.hpp">
      <Filter>Header Files</Filter>
    </ClInclude>
    <ClInclude Include="zydis\include\Zydis\Decoder.h">
      <Filter>Header Files\Vendor</Filter>
    </ClInclude>
    <ClInclude Include="zydis\include\Zydis\DecoderTypes.h">
      <Filter>Header Files\Vendor</Filter>
    </ClInclude>
    <ClInclude Include="zydis\include\Zydis\Defines.h">
      <Filter>Header Files\Vendor</Filter>
    </ClInclude>
    <ClInclude Include="zydis\include\Zydis\Disassembler.h">
      <Filter>Header Files\Vendor</Filter>
    </ClInclude>
    <ClInclude Include="zydis\include\Zydis\Encoder.h">
      <Filter>Header Files\Vendor</Filter>
    </ClInclude>
    <ClInclude Include="zydis\include\Zydis\Formatter.h">
      <Filter>Header Files\Vendor</Filter>
    </ClInclude>
    <ClInclude Include="zydis\include\Zydis\FormatterBuffer.h">
      <Filter>Header Files\Vendor</Filter>
    </ClInclude>
    <ClInclude Include="zydis\include\Zydis\MetaInfo.h">
      <Filter>Header Files\Vendor</Filter>
    </ClInclude>
    <ClInclude Include="zydis\include\Zydis\Mnemonic.h">
      <Filter>Header Files\Vendor</Filter>
    </ClInclude>
    <ClInclude Include="zydis\include\Zydis\Register.h">
      <Filter>Header Files\Vendor</Filter>
    </ClInclude>
    <ClInclude Include="zydis\include\Zydis\Segment.h">
      <Filter>Header Files\Vendor</Filter>
    </ClInclude>
    <ClInclude Include="zydis\include\Zydis\SharedTypes.h">
      <Filter>Header Files\Vendor</Filter>
    </ClInclude>
    <ClInclude Include="zydis\include\Zydis\ShortString.h">
      <Filter>Header Files\Vendor</Filter>
    </ClInclude>
    <ClInclude Include="zydis\include\Zydis\Status.h">
      <Filter>Header Files\Vendor</Filter>
    </ClInclude>
    <ClInclude Include="zydis\include\Zydis\Zydis.h">
      <Filter>Header Files\Vendor</Filter>
    </ClInclude>
    <ClInclude Include="zydis\include\Zydis\Utils.h">
      <Filter>Header Files\Vendor</Filter>
    </ClInclude>
    <ClInclude Include="zydis\dependencies\zycore\include\Zycore\Zycore.h">
      <Filter>Header Files\Vendor</Filter>
    </ClInclude>
    <ClInclude Include="zydis\include\Zydis\Internal\SharedData.h">
      <Filter>Header Files\Vendor</Filter>
    </ClInclude>
    <ClInclude Include="zydis\dependencies\zycore\include\Zycore\Status.h">
      <Filter>Header Files\Vendor</Filter>
    </ClInclude>
    <ClInclude Include="zydis\include\Zydis\Internal\String.h">
      <Filter>Header Files\Vendor</Filter>
    </ClInclude>
    <ClInclude Include="zydis\dependencies\zycore\include\Zycore\String.h">
      <Filter>Header Files\Vendor</Filter>
    </ClInclude>
    <ClInclude Include="zydis\dependencies\zycore\include\Zycore\Types.h">
      <Filter>Header Files\Vendor</Filter>
    </ClInclude>
    <ClInclude Include="zydis\dependencies\zycore\include\Zycore\Vector.h">
      <Filter>Header Files\Vendor</Filter>
    </ClInclude>
    <ClInclude Include="zydis\dependencies\zycore\include\Zycore\Object.h">
      <Filter>Header Files\Vendor</Filter>
    </ClInclude>
    <ClInclude Include="zydis\dependencies\zycore\include\Zycore\Atomic.h">
      <Filter>Header Files\Vendor</Filter>
    </ClInclude>
    <ClInclude Include="zydis\dependencies\zycore\include\Zycore\Bitset.h">
      <Filter>Header Files\Vendor</Filter>
    </ClInclude>
    <ClInclude Include="zydis\dependencies\zycore\include\Zycore\Comparison.h">
      <Filter>Header Files\Vendor</Filter>
    </ClInclude>
    <ClInclude Include="zydis\include\Zydis\Internal\DecoderData.h">
      <Filter>Header Files\Vendor</Filter>
    </ClInclude>
    <ClInclude Include="zydis\dependencies\zycore\include\Zycore\Defines.h">
      <Filter>Header Files\Vendor</Filter>
    </ClInclude>
    <ClInclude Include="zydis\include\Zydis\Internal\EncoderData.h">
      <Filter>Header Files\Vendor</Filter>
    </ClInclude>
    <ClInclude Include="zydis\include\Zydis\Generated\EnumInstructionCategory.h">
      <Filter>Header Files\Vendor</Filter>
    </ClInclude>
    <ClInclude Include="zydis\include\Zydis\Generated\EnumISAExt.h">
      <Filter>Header Files\Vendor</Filter>
    </ClInclude>
    <ClInclude Include="zydis\include\Zydis\Generated\EnumISASet.h">
      <Filter>Header Files\Vendor</Filter>
    </ClInclude>
    <ClInclude Include="zydis\include\Zydis\Generated\EnumMnemonic.h">
      <Filter>Header Files\Vendor</Filter>
    </ClInclude>
    <ClInclude Include="zydis\include\Zydis\Generated\EnumRegister.h">
      <Filter>Header Files\Vendor</Filter>
    </ClInclude>
    <ClInclude Include="zydis\dependencies\zycore\include\Zycore\Format.h">
      <Filter>Header Files\Vendor</Filter>
    </ClInclude>
    <ClInclude Include="zydis\include\Zydis\Internal\FormatterATT.h">
      <Filter>Header Files\Vendor</Filter>
    </ClInclude>
    <ClInclude Include="zydis\include\Zydis\Internal\FormatterBase.h">
      <Filter>Header Files\Vendor</Filter>
    </ClInclude>
    <ClInclude Include="zydis\include\Zydis\Internal\FormatterIntel.h">
      <Filter>Header Files\Vendor</Filter>
    </ClInclude>
    <ClInclude Include="zydis\dependencies\zycore\include\Zycore\LibC.h">
      <Filter>Header Files\Vendor</Filter>
    </ClInclude>
    <ClInclude Include="zydis\dependencies\zycore\include\Zycore\List.h">
      <Filter>Header Files\Vendor</Filter>
    </ClInclude>
    <ClInclude Include="zydis\dependencies\zycore\include\Zycore\ArgParse.h">
      <Filter>Header Files\Vendor</Filter>
    </ClInclude>
    <ClInclude Include="zydis\dependencies\zycore\include\Zycore\Allocator.h">
      <Filter>Header Files\Vendor</Filter>
    </ClInclude>
    <ClInclude Include="util.h">
      <Filter>Header Files</Filter>
    </ClInclude>
    <ClInclude Include="lzma\Threads.h">
      <Filter>Header Files\Vendor</Filter>
    </ClInclude>
    <ClInclude Include="lzma\7zTypes.h">
      <Filter>Header Files\Vendor</Filter>
    </ClInclude>
    <ClInclude Include="lzma\Compiler.h">
      <Filter>Header Files\Vendor</Filter>
    </ClInclude>
    <ClInclude Include="lzma\LzFind.h">
      <Filter>Header Files\Vendor</Filter>
    </ClInclude>
    <ClInclude Include="lzma\LzFindMt.h">
      <Filter>Header Files\Vendor</Filter>
    </ClInclude>
    <ClInclude Include="lzma\LzHash.h">
      <Filter>Header Files\Vendor</Filter>
    </ClInclude>
    <ClInclude Include="lzma\LzmaEnc.h">
      <Filter>Header Files\Vendor</Filter>
    </ClInclude>
    <ClInclude Include="lzma\Aes.h">
      <Filter>Header Files\Vendor</Filter>
    </ClInclude>
    <ClInclude Include="lzma\Alloc.h">
      <Filter>Header Files\Vendor</Filter>
    </ClInclude>
    <ClInclude Include="lzma\RotateDefs.h">
      <Filter>Header Files\Vendor</Filter>
    </ClInclude>
    <ClInclude Include="lzma\Sort.h">
      <Filter>Header Files\Vendor</Filter>
    </ClInclude>
    <ClInclude Include="lzma\SwapBytes.h">
      <Filter>Header Files\Vendor</Filter>
    </ClInclude>
    <ClInclude Include="lzma\XzCrc64.h">
      <Filter>Header Files\Vendor</Filter>
    </ClInclude>
    <ClInclude Include="vm.hpp">
      <Filter>Header Files</Filter>
    </ClInclude>
    <ClInclude Include="lzma\7zWindows.h">
      <Filter>Header Files\Vendor</Filter>
    </ClInclude>
    <ClInclude Include="lzma\CpuArch.h">
      <Filter>Header Files\Vendor</Filter>
    </ClInclude>
    <ClInclude Include="lzma\Precomp.h">
      <Filter>Header Files\Vendor</Filter>
    </ClInclude>
    <ClInclude Include="LzmaDec_DecodeReal.raw">
      <Filter>Header Files\Embed</Filter>
    </ClInclude>
    <ClInclude Include="SHA256.raw">
      <Filter>Header Files\Embed</Filter>
    </ClInclude>
    <ClInclude Include="lzma\Sha256.h">
      <Filter>Header Files\Vendor</Filter>
    </ClInclude>
    <ClInclude Include="gui.hpp">
      <Filter>Header Files</Filter>
    </ClInclude>
    <ClInclude Include="imgui\imstb_truetype.h">
      <Filter>Header Files\Vendor</Filter>
    </ClInclude>
    <ClInclude Include="imgui\imconfig.h">
      <Filter>Header Files\Vendor</Filter>
    </ClInclude>
    <ClInclude Include="imgui\imgui.h">
      <Filter>Header Files\Vendor</Filter>
    </ClInclude>
    <ClInclude Include="imgui\imgui_internal.h">
      <Filter>Header Files\Vendor</Filter>
    </ClInclude>
    <ClInclude Include="imgui\imstb_rectpack.h">
      <Filter>Header Files\Vendor</Filter>
    </ClInclude>
    <ClInclude Include="imgui\imstb_textedit.h">
      <Filter>Header Files\Vendor</Filter>
    </ClInclude>
    <ClInclude Include="imgui\backends\imgui_impl_win32.h">
      <Filter>Header Files\Vendor</Filter>
    </ClInclude>
    <ClInclude Include="imgui\backends\imgui_impl_dx11.h">
      <Filter>Header Files\Vendor</Filter>
    </ClInclude>
    <ClInclude Include="zyasm.hpp">
      <Filter>Header Files</Filter>
    </ClInclude>
    <ClInclude Include="font.h">
      <Filter>Header Files</Filter>
    </ClInclude>
    <ClInclude Include="icons.h">
      <Filter>Header Files</Filter>
    </ClInclude>
    <ClInclude Include="vm_types.hpp">
      <Filter>Header Files</Filter>
    </ClInclude>
    <ClInclude Include="assembler.h">
      <Filter>Header Files</Filter>
    </ClInclude>
  </ItemGroup>
  <ItemGroup>
    <None Include="LzmaDecode.raw">
      <Filter>Header Files\Embed</Filter>
    </None>
    <None Include="LzmaDec_DecodeToDic.raw">
      <Filter>Header Files\Embed</Filter>
    </None>
    <None Include="LzmaDec_TryDummy.raw">
      <Filter>Header Files\Embed</Filter>
    </None>
  </ItemGroup>
</Project>